{
  "requires": true,
  "lockfileVersion": 1,
  "dependencies": {
    "@angular/common": {
      "version": "11.2.13",
      "resolved": "https://registry.npmjs.org/@angular/common/-/common-11.2.13.tgz",
      "integrity": "sha512-96iZ4wlZado78yG6eY/ZmY6+H2X2hJi2XsK7iXKzc5h3oeILEkt+ulfBNkCNjMm8xPYBmLrSBueG96/T4/Bi5w==",
      "requires": {
        "tslib": "^2.0.0"
      }
    },
    "ngx-bootstrap": {
      "version": "6.2.0",
      "resolved": "https://registry.npmjs.org/ngx-bootstrap/-/ngx-bootstrap-6.2.0.tgz",
      "integrity": "sha512-5WKHo6/ltkenw4UyXZwED8rODCgp2RGbWurzYzZsF/gH1JO5SN7TJ+AL6kXYk6XM42sDA2WhN9Db+ZPNjiyHnA=="
    },
    "tslib": {
      "version": "2.2.0",
      "resolved": "https://registry.npmjs.org/tslib/-/tslib-2.2.0.tgz",
      "integrity": "sha512-gS9GVHRU+RGn5KQM2rllAlR3dU6m7AcpJKdtH8gFvQiC4Otgk98XnmMU+nZenHt/+VhnBPWwgrJsyrdcw6i23w=="
    }
  }
}
